
Microsoft Visual Studio Solution File, Format Version 12.00
# Visual Studio Version 16
VisualStudioVersion = 16.0.29418.71
MinimumVisualStudioVersion = 10.0.40219.1
Project("{FAE04EC0-301F-11D3-BF4B-00C04F79EFBC}") = "CManager", "old\CManager\CManager.csproj", "{A44CA141-86AB-4781-B74D-09A4ED0B4925}"
EndProject
Project("{9A19103F-16F7-4668-BE54-9A1E7A4F7556}") = "OpenArchiveMVC", "src\OpenArchiveMVC\OpenArchiveMVC.csproj", "{A1ED69FF-0B18-40C1-A228-B4C6EDBACD03}"
EndProject
Project("{9A19103F-16F7-4668-BE54-9A1E7A4F7556}") = "Polar.DB", "..\PolarDB\src\Polar.DB\Polar.DB.csproj", "{B196AED7-6035-402E-87E3-797F961C18EC}"
EndProject
Project("{9A19103F-16F7-4668-BE54-9A1E7A4F7556}") = "Polar.TripleStore", "..\PolarDB\src\TripleStore\Polar.TripleStore.csproj", "{0396D658-4E43-4084-92C3-312E8F8C1A27}"
EndProject
Project("{9A19103F-16F7-4668-BE54-9A1E7A4F7556}") = "OADataService", "src\OADataService\OADataService.csproj", "{C0F2C429-8722-4A81-9CB2-6FDED986FD2D}"
EndProject
Project("{9A19103F-16F7-4668-BE54-9A1E7A4F7556}") = "OAData", "src\OAData\OAData.csproj", "{F9E98E0E-C3C3-4E4A-80CA-3F702DF3CDD8}"
EndProject
Project("{9A19103F-16F7-4668-BE54-9A1E7A4F7556}") = "OpenArchiveClient", "src\OpenArchiveClient\OpenArchiveClient.csproj", "{0F6D740C-247A-47D1-9A52-F338C52D0E07}"
EndProject
Project("{9A19103F-16F7-4668-BE54-9A1E7A4F7556}") = "Soran1957core", "previous\Soran1957core\Soran1957core.csproj", "{517C6AC5-9C3D-4CBE-A908-D3D747BAD337}"
EndProject
Project("{9A19103F-16F7-4668-BE54-9A1E7A4F7556}") = "SoranCore2", "Experiments\SoranCore2\SoranCore2.csproj", "{FE97C7A7-3693-47B4-8F8F-7A0F1231A539}"
EndProject
Project("{9A19103F-16F7-4668-BE54-9A1E7A4F7556}") = "OADataConsole", "OADataConsole\OADataConsole.csproj", "{084A3143-FA91-4B12-BAD2-704A63D22939}"
EndProject
Project("{9A19103F-16F7-4668-BE54-9A1E7A4F7556}") = "Soran1957Try20210328", "Experiments\Soran1957Try20210328\Soran1957Try20210328.csproj", "{E8509E6B-FFDD-4CD9-8C5C-92ECF578BCE3}"
EndProject
Project("{9A19103F-16F7-4668-BE54-9A1E7A4F7556}") = "Turgunda7", "previous\Turgunda7\Turgunda7.csproj", "{E484B18F-70C4-4876-B6D0-F78AABCC75B5}"
EndProject
Project("{9A19103F-16F7-4668-BE54-9A1E7A4F7556}") = "TurgundaCommon", "previous\TurgundaCommon\TurgundaCommon.csproj", "{BEB9AD7B-9E4E-4A22-9EAA-122A2ACBBF0E}"
EndProject
Project("{9A19103F-16F7-4668-BE54-9A1E7A4F7556}") = "CassettesCore", "previous\CassettesCore\CassettesCore.csproj", "{2CACEDB9-FD35-461C-ADB7-F2B6314BA2F9}"
EndProject
Project("{9A19103F-16F7-4668-BE54-9A1E7A4F7556}") = "OpenSeminskiy", "Experiments\OpenSeminskiy\OpenSeminskiy.csproj", "{A9F37A12-85EF-4CB8-93E2-99662E3C8E84}"
EndProject
Global
	GlobalSection(SolutionConfigurationPlatforms) = preSolution
		Debug|Any CPU = Debug|Any CPU
		Release|Any CPU = Release|Any CPU
	EndGlobalSection
	GlobalSection(ProjectConfigurationPlatforms) = postSolution
		{A44CA141-86AB-4781-B74D-09A4ED0B4925}.Debug|Any CPU.ActiveCfg = Debug|Any CPU
		{A44CA141-86AB-4781-B74D-09A4ED0B4925}.Debug|Any CPU.Build.0 = Debug|Any CPU
		{A44CA141-86AB-4781-B74D-09A4ED0B4925}.Release|Any CPU.ActiveCfg = Release|Any CPU
		{A44CA141-86AB-4781-B74D-09A4ED0B4925}.Release|Any CPU.Build.0 = Release|Any CPU
		{A1ED69FF-0B18-40C1-A228-B4C6EDBACD03}.Debug|Any CPU.ActiveCfg = Debug|Any CPU
		{A1ED69FF-0B18-40C1-A228-B4C6EDBACD03}.Debug|Any CPU.Build.0 = Debug|Any CPU
		{A1ED69FF-0B18-40C1-A228-B4C6EDBACD03}.Release|Any CPU.ActiveCfg = Release|Any CPU
		{A1ED69FF-0B18-40C1-A228-B4C6EDBACD03}.Release|Any CPU.Build.0 = Release|Any CPU
		{B196AED7-6035-402E-87E3-797F961C18EC}.Debug|Any CPU.ActiveCfg = Debug|Any CPU
		{B196AED7-6035-402E-87E3-797F961C18EC}.Debug|Any CPU.Build.0 = Debug|Any CPU
		{B196AED7-6035-402E-87E3-797F961C18EC}.Release|Any CPU.ActiveCfg = Release|Any CPU
		{B196AED7-6035-402E-87E3-797F961C18EC}.Release|Any CPU.Build.0 = Release|Any CPU
		{0396D658-4E43-4084-92C3-312E8F8C1A27}.Debug|Any CPU.ActiveCfg = Debug|Any CPU
		{0396D658-4E43-4084-92C3-312E8F8C1A27}.Debug|Any CPU.Build.0 = Debug|Any CPU
		{0396D658-4E43-4084-92C3-312E8F8C1A27}.Release|Any CPU.ActiveCfg = Release|Any CPU
		{0396D658-4E43-4084-92C3-312E8F8C1A27}.Release|Any CPU.Build.0 = Release|Any CPU
		{C0F2C429-8722-4A81-9CB2-6FDED986FD2D}.Debug|Any CPU.ActiveCfg = Debug|Any CPU
		{C0F2C429-8722-4A81-9CB2-6FDED986FD2D}.Debug|Any CPU.Build.0 = Debug|Any CPU
		{C0F2C429-8722-4A81-9CB2-6FDED986FD2D}.Release|Any CPU.ActiveCfg = Release|Any CPU
		{C0F2C429-8722-4A81-9CB2-6FDED986FD2D}.Release|Any CPU.Build.0 = Release|Any CPU
		{F9E98E0E-C3C3-4E4A-80CA-3F702DF3CDD8}.Debug|Any CPU.ActiveCfg = Debug|Any CPU
		{F9E98E0E-C3C3-4E4A-80CA-3F702DF3CDD8}.Debug|Any CPU.Build.0 = Debug|Any CPU
		{F9E98E0E-C3C3-4E4A-80CA-3F702DF3CDD8}.Release|Any CPU.ActiveCfg = Release|Any CPU
		{F9E98E0E-C3C3-4E4A-80CA-3F702DF3CDD8}.Release|Any CPU.Build.0 = Release|Any CPU
		{0F6D740C-247A-47D1-9A52-F338C52D0E07}.Debug|Any CPU.ActiveCfg = Debug|Any CPU
		{0F6D740C-247A-47D1-9A52-F338C52D0E07}.Debug|Any CPU.Build.0 = Debug|Any CPU
		{0F6D740C-247A-47D1-9A52-F338C52D0E07}.Release|Any CPU.ActiveCfg = Release|Any CPU
		{0F6D740C-247A-47D1-9A52-F338C52D0E07}.Release|Any CPU.Build.0 = Release|Any CPU
		{517C6AC5-9C3D-4CBE-A908-D3D747BAD337}.Debug|Any CPU.ActiveCfg = Debug|Any CPU
		{517C6AC5-9C3D-4CBE-A908-D3D747BAD337}.Debug|Any CPU.Build.0 = Debug|Any CPU
		{517C6AC5-9C3D-4CBE-A908-D3D747BAD337}.Release|Any CPU.ActiveCfg = Release|Any CPU
		{517C6AC5-9C3D-4CBE-A908-D3D747BAD337}.Release|Any CPU.Build.0 = Release|Any CPU
		{FE97C7A7-3693-47B4-8F8F-7A0F1231A539}.Debug|Any CPU.ActiveCfg = Debug|Any CPU
		{FE97C7A7-3693-47B4-8F8F-7A0F1231A539}.Debug|Any CPU.Build.0 = Debug|Any CPU
		{FE97C7A7-3693-47B4-8F8F-7A0F1231A539}.Release|Any CPU.ActiveCfg = Release|Any CPU
		{FE97C7A7-3693-47B4-8F8F-7A0F1231A539}.Release|Any CPU.Build.0 = Release|Any CPU
		{084A3143-FA91-4B12-BAD2-704A63D22939}.Debug|Any CPU.ActiveCfg = Debug|Any CPU
		{084A3143-FA91-4B12-BAD2-704A63D22939}.Debug|Any CPU.Build.0 = Debug|Any CPU
		{084A3143-FA91-4B12-BAD2-704A63D22939}.Release|Any CPU.ActiveCfg = Release|Any CPU
		{084A3143-FA91-4B12-BAD2-704A63D22939}.Release|Any CPU.Build.0 = Release|Any CPU
		{E8509E6B-FFDD-4CD9-8C5C-92ECF578BCE3}.Debug|Any CPU.ActiveCfg = Debug|Any CPU
		{E8509E6B-FFDD-4CD9-8C5C-92ECF578BCE3}.Debug|Any CPU.Build.0 = Debug|Any CPU
		{E8509E6B-FFDD-4CD9-8C5C-92ECF578BCE3}.Release|Any CPU.ActiveCfg = Release|Any CPU
		{E8509E6B-FFDD-4CD9-8C5C-92ECF578BCE3}.Release|Any CPU.Build.0 = Release|Any CPU
		{E484B18F-70C4-4876-B6D0-F78AABCC75B5}.Debug|Any CPU.ActiveCfg = Debug|Any CPU
		{E484B18F-70C4-4876-B6D0-F78AABCC75B5}.Debug|Any CPU.Build.0 = Debug|Any CPU
		{E484B18F-70C4-4876-B6D0-F78AABCC75B5}.Release|Any CPU.ActiveCfg = Release|Any CPU
		{E484B18F-70C4-4876-B6D0-F78AABCC75B5}.Release|Any CPU.Build.0 = Release|Any CPU
		{BEB9AD7B-9E4E-4A22-9EAA-122A2ACBBF0E}.Debug|Any CPU.ActiveCfg = Debug|Any CPU
		{BEB9AD7B-9E4E-4A22-9EAA-122A2ACBBF0E}.Debug|Any CPU.Build.0 = Debug|Any CPU
		{BEB9AD7B-9E4E-4A22-9EAA-122A2ACBBF0E}.Release|Any CPU.ActiveCfg = Release|Any CPU
		{BEB9AD7B-9E4E-4A22-9EAA-122A2ACBBF0E}.Release|Any CPU.Build.0 = Release|Any CPU
		{2CACEDB9-FD35-461C-ADB7-F2B6314BA2F9}.Debug|Any CPU.ActiveCfg = Debug|Any CPU
		{2CACEDB9-FD35-461C-ADB7-F2B6314BA2F9}.Debug|Any CPU.Build.0 = Debug|Any CPU
		{2CACEDB9-FD35-461C-ADB7-F2B6314BA2F9}.Release|Any CPU.ActiveCfg = Release|Any CPU
		{2CACEDB9-FD35-461C-ADB7-F2B6314BA2F9}.Release|Any CPU.Build.0 = Release|Any CPU
		{A9F37A12-85EF-4CB8-93E2-99662E3C8E84}.Debug|Any CPU.ActiveCfg = Debug|Any CPU
		{A9F37A12-85EF-4CB8-93E2-99662E3C8E84}.Debug|Any CPU.Build.0 = Debug|Any CPU
		{A9F37A12-85EF-4CB8-93E2-99662E3C8E84}.Release|Any CPU.ActiveCfg = Release|Any CPU
		{A9F37A12-85EF-4CB8-93E2-99662E3C8E84}.Release|Any CPU.Build.0 = Release|Any CPU
	EndGlobalSection
	GlobalSection(SolutionProperties) = preSolution
		HideSolutionNode = FALSE
	EndGlobalSection
	GlobalSection(ExtensibilityGlobals) = postSolution
		SolutionGuid = {711E948E-D7FB-46EC-8D56-C65EBD21A338}
	EndGlobalSection
EndGlobal
