
Microsoft Visual Studio Solution File, Format Version 12.00
# Visual Studio 15
VisualStudioVersion = 15.0.27130.2010
MinimumVisualStudioVersion = 10.0.40219.1
Project("{9A19103F-16F7-4668-BE54-9A1E7A4F7556}") = "CassettesCore", "src\CassettesCore\CassettesCore.csproj", "{0352E9F4-2E09-4E33-802E-790849078FB5}"
EndProject
Project("{9A19103F-16F7-4668-BE54-9A1E7A4F7556}") = "Turgunda7", "src\Turgunda7\Turgunda7.csproj", "{55DBA7A5-40A1-4F8C-893A-872726EAEAB0}"
EndProject
Project("{9A19103F-16F7-4668-BE54-9A1E7A4F7556}") = "TestConsoleApp", "src\TestConsoleApp\TestConsoleApp.csproj", "{B00788B7-47AF-47C2-B2F9-78A305B161E1}"
EndProject
Project("{FAE04EC0-301F-11D3-BF4B-00C04F79EFBC}") = "CManager", "old\CManager\CManager.csproj", "{A44CA141-86AB-4781-B74D-09A4ED0B4925}"
EndProject
Project("{FAE04EC0-301F-11D3-BF4B-00C04F79EFBC}") = "Turgunda6", "old\Turgunda6\Turgunda6.csproj", "{E2F35DCF-6D3E-4057-A377-405C9ACC4A50}"
EndProject
Project("{9A19103F-16F7-4668-BE54-9A1E7A4F7556}") = "OpenArchive", "src\OpenArchive\OpenArchive.csproj", "{8C9C0CE6-1BE7-42E0-931E-8E04D2EC46EA}"
EndProject
Project("{9A19103F-16F7-4668-BE54-9A1E7A4F7556}") = "OpenArchiveMVC", "src\OpenArchiveMVC\OpenArchiveMVC.csproj", "{A1ED69FF-0B18-40C1-A228-B4C6EDBACD03}"
EndProject
Project("{9A19103F-16F7-4668-BE54-9A1E7A4F7556}") = "ConvertVideo", "old\ConvertVideo\ConvertVideo.csproj", "{17855F92-605F-4B6C-886A-586872CBC80F}"
EndProject
Project("{9A19103F-16F7-4668-BE54-9A1E7A4F7556}") = "TurgundaCommon", "src\TurgundaCommon\TurgundaCommon.csproj", "{43B75845-171E-4841-8F2A-0B0648C39356}"
EndProject
Project("{FAE04EC0-301F-11D3-BF4B-00C04F79EFBC}") = "CDService", "src\CDService\CDService.csproj", "{B20DADB7-5EC1-446F-B2C1-3CC19761D22E}"
EndProject
Global
	GlobalSection(SolutionConfigurationPlatforms) = preSolution
		Debug|Any CPU = Debug|Any CPU
		Release|Any CPU = Release|Any CPU
	EndGlobalSection
	GlobalSection(ProjectConfigurationPlatforms) = postSolution
		{0352E9F4-2E09-4E33-802E-790849078FB5}.Debug|Any CPU.ActiveCfg = Debug|Any CPU
		{0352E9F4-2E09-4E33-802E-790849078FB5}.Debug|Any CPU.Build.0 = Debug|Any CPU
		{0352E9F4-2E09-4E33-802E-790849078FB5}.Release|Any CPU.ActiveCfg = Release|Any CPU
		{0352E9F4-2E09-4E33-802E-790849078FB5}.Release|Any CPU.Build.0 = Release|Any CPU
		{55DBA7A5-40A1-4F8C-893A-872726EAEAB0}.Debug|Any CPU.ActiveCfg = Debug|Any CPU
		{55DBA7A5-40A1-4F8C-893A-872726EAEAB0}.Debug|Any CPU.Build.0 = Debug|Any CPU
		{55DBA7A5-40A1-4F8C-893A-872726EAEAB0}.Release|Any CPU.ActiveCfg = Release|Any CPU
		{55DBA7A5-40A1-4F8C-893A-872726EAEAB0}.Release|Any CPU.Build.0 = Release|Any CPU
		{B00788B7-47AF-47C2-B2F9-78A305B161E1}.Debug|Any CPU.ActiveCfg = Debug|Any CPU
		{B00788B7-47AF-47C2-B2F9-78A305B161E1}.Debug|Any CPU.Build.0 = Debug|Any CPU
		{B00788B7-47AF-47C2-B2F9-78A305B161E1}.Release|Any CPU.ActiveCfg = Release|Any CPU
		{B00788B7-47AF-47C2-B2F9-78A305B161E1}.Release|Any CPU.Build.0 = Release|Any CPU
		{A44CA141-86AB-4781-B74D-09A4ED0B4925}.Debug|Any CPU.ActiveCfg = Debug|Any CPU
		{A44CA141-86AB-4781-B74D-09A4ED0B4925}.Debug|Any CPU.Build.0 = Debug|Any CPU
		{A44CA141-86AB-4781-B74D-09A4ED0B4925}.Release|Any CPU.ActiveCfg = Release|Any CPU
		{A44CA141-86AB-4781-B74D-09A4ED0B4925}.Release|Any CPU.Build.0 = Release|Any CPU
		{E2F35DCF-6D3E-4057-A377-405C9ACC4A50}.Debug|Any CPU.ActiveCfg = Debug|Any CPU
		{E2F35DCF-6D3E-4057-A377-405C9ACC4A50}.Debug|Any CPU.Build.0 = Debug|Any CPU
		{E2F35DCF-6D3E-4057-A377-405C9ACC4A50}.Release|Any CPU.ActiveCfg = Release|Any CPU
		{E2F35DCF-6D3E-4057-A377-405C9ACC4A50}.Release|Any CPU.Build.0 = Release|Any CPU
		{8C9C0CE6-1BE7-42E0-931E-8E04D2EC46EA}.Debug|Any CPU.ActiveCfg = Debug|Any CPU
		{8C9C0CE6-1BE7-42E0-931E-8E04D2EC46EA}.Debug|Any CPU.Build.0 = Debug|Any CPU
		{8C9C0CE6-1BE7-42E0-931E-8E04D2EC46EA}.Release|Any CPU.ActiveCfg = Release|Any CPU
		{8C9C0CE6-1BE7-42E0-931E-8E04D2EC46EA}.Release|Any CPU.Build.0 = Release|Any CPU
		{A1ED69FF-0B18-40C1-A228-B4C6EDBACD03}.Debug|Any CPU.ActiveCfg = Debug|Any CPU
		{A1ED69FF-0B18-40C1-A228-B4C6EDBACD03}.Debug|Any CPU.Build.0 = Debug|Any CPU
		{A1ED69FF-0B18-40C1-A228-B4C6EDBACD03}.Release|Any CPU.ActiveCfg = Release|Any CPU
		{A1ED69FF-0B18-40C1-A228-B4C6EDBACD03}.Release|Any CPU.Build.0 = Release|Any CPU
		{17855F92-605F-4B6C-886A-586872CBC80F}.Debug|Any CPU.ActiveCfg = Debug|Any CPU
		{17855F92-605F-4B6C-886A-586872CBC80F}.Debug|Any CPU.Build.0 = Debug|Any CPU
		{17855F92-605F-4B6C-886A-586872CBC80F}.Release|Any CPU.ActiveCfg = Release|Any CPU
		{17855F92-605F-4B6C-886A-586872CBC80F}.Release|Any CPU.Build.0 = Release|Any CPU
		{43B75845-171E-4841-8F2A-0B0648C39356}.Debug|Any CPU.ActiveCfg = Debug|Any CPU
		{43B75845-171E-4841-8F2A-0B0648C39356}.Debug|Any CPU.Build.0 = Debug|Any CPU
		{43B75845-171E-4841-8F2A-0B0648C39356}.Release|Any CPU.ActiveCfg = Release|Any CPU
		{43B75845-171E-4841-8F2A-0B0648C39356}.Release|Any CPU.Build.0 = Release|Any CPU
		{B20DADB7-5EC1-446F-B2C1-3CC19761D22E}.Debug|Any CPU.ActiveCfg = Debug|Any CPU
		{B20DADB7-5EC1-446F-B2C1-3CC19761D22E}.Debug|Any CPU.Build.0 = Debug|Any CPU
		{B20DADB7-5EC1-446F-B2C1-3CC19761D22E}.Release|Any CPU.ActiveCfg = Release|Any CPU
		{B20DADB7-5EC1-446F-B2C1-3CC19761D22E}.Release|Any CPU.Build.0 = Release|Any CPU
	EndGlobalSection
	GlobalSection(SolutionProperties) = preSolution
		HideSolutionNode = FALSE
	EndGlobalSection
	GlobalSection(ExtensibilityGlobals) = postSolution
		SolutionGuid = {711E948E-D7FB-46EC-8D56-C65EBD21A338}
	EndGlobalSection
EndGlobal
