
Microsoft Visual Studio Solution File, Format Version 12.00
# Visual Studio 14
VisualStudioVersion = 14.0.25420.1
MinimumVisualStudioVersion = 10.0.40219.1
Project("{FAE04EC0-301F-11D3-BF4B-00C04F79EFBC}") = "CassetteKernel", "CassetteKernel\CassetteKernel.csproj", "{DF89C858-0416-4F95-93D5-82DF95E39754}"
EndProject
Project("{FAE04EC0-301F-11D3-BF4B-00C04F79EFBC}") = "CassetteExtension", "CassetteExtension\CassetteExtension.csproj", "{C939AE7F-8D03-414C-B9B2-D61D7DA1E5C1}"
EndProject
Project("{FAE04EC0-301F-11D3-BF4B-00C04F79EFBC}") = "DocumentStorage", "DocumentStorage\DocumentStorage.csproj", "{07419DE5-5ED7-43DC-9E98-2CF26FF06187}"
EndProject
Project("{2150E333-8FDC-42A3-9474-1A3956D46DE8}") = "Doc", "Doc", "{07DDBE8F-D0B4-4C01-AFBD-E2A04DD4B132}"
	ProjectSection(SolutionItems) = preProject
		Doc\Concept.txt = Doc\Concept.txt
		ideas.txt = ideas.txt
	EndProjectSection
EndProject
Project("{FAE04EC0-301F-11D3-BF4B-00C04F79EFBC}") = "RebuildVideoPreview", "RebuildVideoPreview\RebuildVideoPreview.csproj", "{C1455081-9536-44B6-8D4C-ABAEC1723C83}"
EndProject
Global
	GlobalSection(SolutionConfigurationPlatforms) = preSolution
		Debug|Any CPU = Debug|Any CPU
		Release|Any CPU = Release|Any CPU
	EndGlobalSection
	GlobalSection(ProjectConfigurationPlatforms) = postSolution
		{DF89C858-0416-4F95-93D5-82DF95E39754}.Debug|Any CPU.ActiveCfg = Debug|Any CPU
		{DF89C858-0416-4F95-93D5-82DF95E39754}.Debug|Any CPU.Build.0 = Debug|Any CPU
		{DF89C858-0416-4F95-93D5-82DF95E39754}.Release|Any CPU.ActiveCfg = Release|Any CPU
		{DF89C858-0416-4F95-93D5-82DF95E39754}.Release|Any CPU.Build.0 = Release|Any CPU
		{C939AE7F-8D03-414C-B9B2-D61D7DA1E5C1}.Debug|Any CPU.ActiveCfg = Debug|Any CPU
		{C939AE7F-8D03-414C-B9B2-D61D7DA1E5C1}.Debug|Any CPU.Build.0 = Debug|Any CPU
		{C939AE7F-8D03-414C-B9B2-D61D7DA1E5C1}.Release|Any CPU.ActiveCfg = Release|Any CPU
		{C939AE7F-8D03-414C-B9B2-D61D7DA1E5C1}.Release|Any CPU.Build.0 = Release|Any CPU
		{07419DE5-5ED7-43DC-9E98-2CF26FF06187}.Debug|Any CPU.ActiveCfg = Debug|Any CPU
		{07419DE5-5ED7-43DC-9E98-2CF26FF06187}.Debug|Any CPU.Build.0 = Debug|Any CPU
		{07419DE5-5ED7-43DC-9E98-2CF26FF06187}.Release|Any CPU.ActiveCfg = Release|Any CPU
		{07419DE5-5ED7-43DC-9E98-2CF26FF06187}.Release|Any CPU.Build.0 = Release|Any CPU
		{C1455081-9536-44B6-8D4C-ABAEC1723C83}.Debug|Any CPU.ActiveCfg = Debug|Any CPU
		{C1455081-9536-44B6-8D4C-ABAEC1723C83}.Debug|Any CPU.Build.0 = Debug|Any CPU
		{C1455081-9536-44B6-8D4C-ABAEC1723C83}.Release|Any CPU.ActiveCfg = Release|Any CPU
		{C1455081-9536-44B6-8D4C-ABAEC1723C83}.Release|Any CPU.Build.0 = Release|Any CPU
	EndGlobalSection
	GlobalSection(SolutionProperties) = preSolution
		HideSolutionNode = FALSE
	EndGlobalSection
EndGlobal
